# This file is generated by running "yarn install" inside your project.
# Manual changes might be lost - proceed with caution!

__metadata:
  version: 8
  cacheKey: 10c0

"@dsanders11/vscode-markdown-languageservice@npm:^0.3.0":
  version: 0.3.0
  resolution: "@dsanders11/vscode-markdown-languageservice@npm:0.3.0"
  dependencies:
    "@vscode/l10n": "npm:^0.0.10"
    picomatch: "npm:^2.3.1"
    vscode-languageserver-textdocument: "npm:^1.0.5"
    vscode-languageserver-types: "npm:^3.17.1"
    vscode-uri: "npm:^3.0.3"
  checksum: 10c0/17427538ccec74a152809d8521c178d78446ae67ace3cd3110a814541d831011e4640d7d1241750036825f79270a1b74a55b68f0cfe0fb692078088b2a869a7c
  languageName: node
  linkType: hard

"@electron/lint-roller@npm:^4.0.0":
  version: 4.0.0
  resolution: "@electron/lint-roller@npm:4.0.0"
  dependencies:
    "@dsanders11/vscode-markdown-languageservice": "npm:^0.3.0"
    ajv: "npm:^8.16.0"
    balanced-match: "npm:^3.0.1"
    hast-util-from-html: "npm:^2.0.1"
    markdown-it: "npm:^14.1.0"
    mdast-util-from-markdown: "npm:^2.0.2"
    unist-util-visit: "npm:^5.0.0"
    vscode-languageserver: "npm:^8.1.0"
    vscode-languageserver-textdocument: "npm:^1.0.8"
    vscode-uri: "npm:^3.0.8"
    yaml: "npm:^2.4.5"
  peerDependencies:
    oxfmt: ">= 0.20.0"
    oxlint: ">= 1.65.0"
    typescript: ">= 4.7.0"
  peerDependenciesMeta:
    oxfmt:
      optional: true
    oxlint:
      optional: true
    typescript:
      optional: true
  bin:
    lint-roller-markdown-api-history: dist/bin/lint-markdown-api-history.js
    lint-roller-markdown-links: dist/bin/lint-markdown-links.js
    lint-roller-markdown-oxfmt: dist/bin/lint-markdown-oxfmt.js
    lint-roller-markdown-oxlint: dist/bin/lint-markdown-oxlint.js
    lint-roller-markdown-ts-check: dist/bin/lint-markdown-ts-check.js
  checksum: 10c0/d7235ba9730eb76deb6900f799f5f6d8dfb585662c6c9539891cc4aa9b6c634f97d5420c810bc8a0cab02160fdffbb9edbf2763bcd5b76e13b08921d81492568
  languageName: node
  linkType: hard

"@nodelib/fs.scandir@npm:2.1.5":
  version: 2.1.5
  resolution: "@nodelib/fs.scandir@npm:2.1.5"
  dependencies:
    "@nodelib/fs.stat": "npm:2.0.5"
    run-parallel: "npm:^1.1.9"
  checksum: 10c0/732c3b6d1b1e967440e65f284bd06e5821fedf10a1bea9ed2bb75956ea1f30e08c44d3def9d6a230666574edbaf136f8cfd319c14fd1f87c66e6a44449afb2eb
  languageName: node
  linkType: hard

"@nodelib/fs.stat@npm:2.0.5, @nodelib/fs.stat@npm:^2.0.2":
  version: 2.0.5
  resolution: "@nodelib/fs.stat@npm:2.0.5"
  checksum: 10c0/88dafe5e3e29a388b07264680dc996c17f4bda48d163a9d4f5c1112979f0ce8ec72aa7116122c350b4e7976bc5566dc3ddb579be1ceaacc727872eb4ed93926d
  languageName: node
  linkType: hard

"@nodelib/fs.walk@npm:^1.2.3":
  version: 1.2.8
  resolution: "@nodelib/fs.walk@npm:1.2.8"
  dependencies:
    "@nodelib/fs.scandir": "npm:2.1.5"
    fastq: "npm:^1.6.0"
  checksum: 10c0/db9de047c3bb9b51f9335a7bb46f4fcfb6829fb628318c12115fbaf7d369bfce71c15b103d1fc3b464812d936220ee9bc1c8f762d032c9f6be9acc99249095b1
  languageName: node
  linkType: hard

"@sindresorhus/merge-streams@npm:^4.0.0":
  version: 4.0.0
  resolution: "@sindresorhus/merge-streams@npm:4.0.0"
  checksum: 10c0/482ee543629aa1933b332f811a1ae805a213681ecdd98c042b1c1b89387df63e7812248bb4df3910b02b3cc5589d3d73e4393f30e197c9dde18046ccd471fc6b
  languageName: node
  linkType: hard

"@types/debug@npm:^4.0.0":
  version: 4.1.13
  resolution: "@types/debug@npm:4.1.13"
  dependencies:
    "@types/ms": "npm:*"
  checksum: 10c0/e5e124021bbdb23a82727eee0a726ae0fc8a3ae1f57253cbcc47497f259afb357de7f6941375e773e1abbfa1604c1555b901a409d762ec2bb4c1612131d4afb7
  languageName: node
  linkType: hard

"@types/hast@npm:^3.0.0":
  version: 3.0.4
  resolution: "@types/hast@npm:3.0.4"
  dependencies:
    "@types/unist": "npm:*"
  checksum: 10c0/3249781a511b38f1d330fd1e3344eed3c4e7ea8eff82e835d35da78e637480d36fad37a78be5a7aed8465d237ad0446abc1150859d0fde395354ea634decf9f7
  languageName: node
  linkType: hard

"@types/katex@npm:^0.16.0":
  version: 0.16.8
  resolution: "@types/katex@npm:0.16.8"
  checksum: 10c0/0661609353f4f5e62bd2dc78da99e842761c6474b19f2268b195bbe9dbf20e6f766a31155d79eec2e7c3eff4e7eba4b30f4f519e9c6a11c75bb45e257a2ddb69
  languageName: node
  linkType: hard

"@types/mdast@npm:^4.0.0":
  version: 4.0.4
  resolution: "@types/mdast@npm:4.0.4"
  dependencies:
    "@types/unist": "npm:*"
  checksum: 10c0/84f403dbe582ee508fd9c7643ac781ad8597fcbfc9ccb8d4715a2c92e4545e5772cbd0dbdf18eda65789386d81b009967fdef01b24faf6640f817287f54d9c82
  languageName: node
  linkType: hard

"@types/ms@npm:*":
  version: 2.1.0
  resolution: "@types/ms@npm:2.1.0"
  checksum: 10c0/5ce692ffe1549e1b827d99ef8ff71187457e0eb44adbae38fdf7b9a74bae8d20642ee963c14516db1d35fa2652e65f47680fdf679dcbde52bbfadd021f497225
  languageName: node
  linkType: hard

"@types/unist@npm:*, @types/unist@npm:^3.0.0":
  version: 3.0.3
  resolution: "@types/unist@npm:3.0.3"
  checksum: 10c0/2b1e4adcab78388e088fcc3c0ae8700f76619dbcb4741d7d201f87e2cb346bfc29a89003cfea2d76c996e1061452e14fcd737e8b25aacf949c1f2d6b2bc3dd60
  languageName: node
  linkType: hard

"@types/unist@npm:^2.0.0":
  version: 2.0.11
  resolution: "@types/unist@npm:2.0.11"
  checksum: 10c0/24dcdf25a168f453bb70298145eb043cfdbb82472db0bc0b56d6d51cd2e484b9ed8271d4ac93000a80da568f2402e9339723db262d0869e2bf13bc58e081768d
  languageName: node
  linkType: hard

"@vscode/l10n@npm:^0.0.10":
  version: 0.0.10
  resolution: "@vscode/l10n@npm:0.0.10"
  checksum: 10c0/30ba7c82f93ef93e3720a6fad122174fc927d0002136e929f2c7cde87aa84f1d5e7df71f8e55aaede6c0ee7cd6d0af40adbba0af4c982053163a2d8734538273
  languageName: node
  linkType: hard

"ajv@npm:^8.16.0":
  version: 8.18.0
  resolution: "ajv@npm:8.18.0"
  dependencies:
    fast-deep-equal: "npm:^3.1.3"
    fast-uri: "npm:^3.0.1"
    json-schema-traverse: "npm:^1.0.0"
    require-from-string: "npm:^2.0.2"
  checksum: 10c0/e7517c426173513a07391be951879932bdf3348feaebd2199f5b901c20f99d60db8cd1591502d4d551dc82f594e82a05c4fe1c70139b15b8937f7afeaed9532f
  languageName: node
  linkType: hard

"ansi-regex@npm:^6.2.2":
  version: 6.2.2
  resolution: "ansi-regex@npm:6.2.2"
  checksum: 10c0/05d4acb1d2f59ab2cf4b794339c7b168890d44dda4bf0ce01152a8da0213aca207802f930442ce8cd22d7a92f44907664aac6508904e75e038fa944d2601b30f
  languageName: node
  linkType: hard

"argparse@npm:^2.0.1":
  version: 2.0.1
  resolution: "argparse@npm:2.0.1"
  checksum: 10c0/c5640c2d89045371c7cedd6a70212a04e360fd34d6edeae32f6952c63949e3525ea77dbec0289d8213a99bbaeab5abfa860b5c12cf88a2e6cf8106e90dd27a7e
  languageName: node
  linkType: hard

"balanced-match@npm:^3.0.1":
  version: 3.0.1
  resolution: "balanced-match@npm:3.0.1"
  checksum: 10c0/ac8dd63a5b260610c2cbda982f436e964c1b9ae8764d368a523769da40a31710abd6e19f0fdf1773c4ad7b2ea7ba7b285d547375dc723f6e754369835afc8e9f
  languageName: node
  linkType: hard

"braces@npm:^3.0.3":
  version: 3.0.3
  resolution: "braces@npm:3.0.3"
  dependencies:
    fill-range: "npm:^7.1.1"
  checksum: 10c0/7c6dfd30c338d2997ba77500539227b9d1f85e388a5f43220865201e407e076783d0881f2d297b9f80951b4c957fcf0b51c1d2d24227631643c3f7c284b0aa04
  languageName: node
  linkType: hard

"character-entities-legacy@npm:^3.0.0":
  version: 3.0.0
  resolution: "character-entities-legacy@npm:3.0.0"
  checksum: 10c0/ec4b430af873661aa754a896a2b55af089b4e938d3d010fad5219299a6b6d32ab175142699ee250640678cd64bdecd6db3c9af0b8759ab7b155d970d84c4c7d1
  languageName: node
  linkType: hard

"character-entities@npm:^2.0.0":
  version: 2.0.2
  resolution: "character-entities@npm:2.0.2"
  checksum: 10c0/b0c645a45bcc90ff24f0e0140f4875a8436b8ef13b6bcd31ec02cfb2ca502b680362aa95386f7815bdc04b6464d48cf191210b3840d7c04241a149ede591a308
  languageName: node
  linkType: hard

"character-reference-invalid@npm:^2.0.0":
  version: 2.0.1
  resolution: "character-reference-invalid@npm:2.0.1"
  checksum: 10c0/2ae0dec770cd8659d7e8b0ce24392d83b4c2f0eb4a3395c955dce5528edd4cc030a794cfa06600fcdd700b3f2de2f9b8e40e309c0011c4180e3be64a0b42e6a1
  languageName: node
  linkType: hard

"comma-separated-tokens@npm:^2.0.0":
  version: 2.0.3
  resolution: "comma-separated-tokens@npm:2.0.3"
  checksum: 10c0/91f90f1aae320f1755d6957ef0b864fe4f54737f3313bd95e0802686ee2ca38bff1dd381964d00ae5db42912dd1f4ae5c2709644e82706ffc6f6842a813cdd67
  languageName: node
  linkType: hard

"commander@npm:^8.3.0":
  version: 8.3.0
  resolution: "commander@npm:8.3.0"
  checksum: 10c0/8b043bb8322ea1c39664a1598a95e0495bfe4ca2fad0d84a92d7d1d8d213e2a155b441d2470c8e08de7c4a28cf2bc6e169211c49e1b21d9f7edc6ae4d9356060
  languageName: node
  linkType: hard

"debug@npm:^4.0.0":
  version: 4.4.3
  resolution: "debug@npm:4.4.3"
  dependencies:
    ms: "npm:^2.1.3"
  peerDependenciesMeta:
    supports-color:
      optional: true
  checksum: 10c0/d79136ec6c83ecbefd0f6a5593da6a9c91ec4d7ddc4b54c883d6e71ec9accb5f67a1a5e96d00a328196b5b5c86d365e98d8a3a70856aaf16b4e7b1985e67f5a6
  languageName: node
  linkType: hard

"decode-named-character-reference@npm:^1.0.0":
  version: 1.3.0
  resolution: "decode-named-character-reference@npm:1.3.0"
  dependencies:
    character-entities: "npm:^2.0.0"
  checksum: 10c0/787f4c87f3b82ea342aa7c2d7b1882b6fb9511bb77f72ae44dcaabea0470bacd1e9c6a0080ab886545019fa0cb3a7109573fad6b61a362844c3a0ac52b36e4bb
  languageName: node
  linkType: hard

"dequal@npm:^2.0.0":
  version: 2.0.3
  resolution: "dequal@npm:2.0.3"
  checksum: 10c0/f98860cdf58b64991ae10205137c0e97d384c3a4edc7f807603887b7c4b850af1224a33d88012009f150861cbee4fa2d322c4cc04b9313bee312e47f6ecaa888
  languageName: node
  linkType: hard

"devlop@npm:^1.0.0, devlop@npm:^1.1.0":
  version: 1.1.0
  resolution: "devlop@npm:1.1.0"
  dependencies:
    dequal: "npm:^2.0.0"
  checksum: 10c0/e0928ab8f94c59417a2b8389c45c55ce0a02d9ac7fd74ef62d01ba48060129e1d594501b77de01f3eeafc7cb00773819b0df74d96251cf20b31c5b3071f45c0e
  languageName: node
  linkType: hard

"entities@npm:^4.4.0":
  version: 4.5.0
  resolution: "entities@npm:4.5.0"
  checksum: 10c0/5b039739f7621f5d1ad996715e53d964035f75ad3b9a4d38c6b3804bb226e282ffeae2443624d8fdd9c47d8e926ae9ac009c54671243f0c3294c26af7cc85250
  languageName: node
  linkType: hard

"entities@npm:^6.0.0":
  version: 6.0.1
  resolution: "entities@npm:6.0.1"
  checksum: 10c0/ed836ddac5acb34341094eb495185d527bd70e8632b6c0d59548cbfa23defdbae70b96f9a405c82904efa421230b5b3fd2283752447d737beffd3f3e6ee74414
  languageName: node
  linkType: hard

"fast-deep-equal@npm:^3.1.3":
  version: 3.1.3
  resolution: "fast-deep-equal@npm:3.1.3"
  checksum: 10c0/40dedc862eb8992c54579c66d914635afbec43350afbbe991235fdcb4e3a8d5af1b23ae7e79bef7d4882d0ecee06c3197488026998fb19f72dc95acff1d1b1d0
  languageName: node
  linkType: hard

"fast-glob@npm:^3.3.3":
  version: 3.3.3
  resolution: "fast-glob@npm:3.3.3"
  dependencies:
    "@nodelib/fs.stat": "npm:^2.0.2"
    "@nodelib/fs.walk": "npm:^1.2.3"
    glob-parent: "npm:^5.1.2"
    merge2: "npm:^1.3.0"
    micromatch: "npm:^4.0.8"
  checksum: 10c0/f6aaa141d0d3384cf73cbcdfc52f475ed293f6d5b65bfc5def368b09163a9f7e5ec2b3014d80f733c405f58e470ee0cc451c2937685045cddcdeaa24199c43fe
  languageName: node
  linkType: hard

"fast-uri@npm:^3.0.1":
  version: 3.1.6
  resolution: "fast-uri@npm:3.1.6"
  checksum: 10c0/77fa4f966f7d2cf83c34af2d3eb88882872fe90634f27a6bd309551db65377d3ca55616467c7cb4dcc57e33523d149e2fec1952d51cc2f00bfce68a66c3711ea
  languageName: node
  linkType: hard

"fastq@npm:^1.6.0":
  version: 1.20.1
  resolution: "fastq@npm:1.20.1"
  dependencies:
    reusify: "npm:^1.0.4"
  checksum: 10c0/e5dd725884decb1f11e5c822221d76136f239d0236f176fab80b7b8f9e7619ae57e6b4e5b73defc21e6b9ef99437ee7b545cff8e6c2c337819633712fa9d352e
  languageName: node
  linkType: hard

"fill-range@npm:^7.1.1":
  version: 7.1.1
  resolution: "fill-range@npm:7.1.1"
  dependencies:
    to-regex-range: "npm:^5.0.1"
  checksum: 10c0/b75b691bbe065472f38824f694c2f7449d7f5004aa950426a2c28f0306c60db9b880c0b0e4ed819997ffb882d1da02cfcfc819bddc94d71627f5269682edf018
  languageName: node
  linkType: hard

"get-east-asian-width@npm:^1.3.0":
  version: 1.5.0
  resolution: "get-east-asian-width@npm:1.5.0"
  checksum: 10c0/bff8bbc8d81790b9477f7aa55b1806b9f082a8dc1359fff7bd8b96939622c86b729685afc2bfeb22def1fc6ef1e5228e4d87dd4e6da60bc43a5edfb03c4ee167
  languageName: node
  linkType: hard

"glob-parent@npm:^5.1.2":
  version: 5.1.2
  resolution: "glob-parent@npm:5.1.2"
  dependencies:
    is-glob: "npm:^4.0.1"
  checksum: 10c0/cab87638e2112bee3f839ef5f6e0765057163d39c66be8ec1602f3823da4692297ad4e972de876ea17c44d652978638d2fd583c6713d0eb6591706825020c9ee
  languageName: node
  linkType: hard

"globby@npm:16.1.1":
  version: 16.1.1
  resolution: "globby@npm:16.1.1"
  dependencies:
    "@sindresorhus/merge-streams": "npm:^4.0.0"
    fast-glob: "npm:^3.3.3"
    ignore: "npm:^7.0.5"
    is-path-inside: "npm:^4.0.0"
    slash: "npm:^5.1.0"
    unicorn-magic: "npm:^0.4.0"
  checksum: 10c0/2fbed8e5c59639a98b9b9c700afe5bcedf14742b43c25950cfd34a032db0cce4b440d8436beb4a936d211744e0b7330646f086b95cd8054251162c5d83001600
  languageName: node
  linkType: hard

"governance@workspace:.":
  version: 0.0.0-use.local
  resolution: "governance@workspace:."
  dependencies:
    "@electron/lint-roller": "npm:^4.0.0"
    markdownlint-cli2: "npm:^0.22.0"
  languageName: unknown
  linkType: soft

"hast-util-from-html@npm:^2.0.1":
  version: 2.0.3
  resolution: "hast-util-from-html@npm:2.0.3"
  dependencies:
    "@types/hast": "npm:^3.0.0"
    devlop: "npm:^1.1.0"
    hast-util-from-parse5: "npm:^8.0.0"
    parse5: "npm:^7.0.0"
    vfile: "npm:^6.0.0"
    vfile-message: "npm:^4.0.0"
  checksum: 10c0/993ef707c1a12474c8d4094fc9706a72826c660a7e308ea54c50ad893353d32e139b7cbc67510c2e82feac572b320e3b05aeb13d0f9c6302d61261f337b46764
  languageName: node
  linkType: hard

"hast-util-from-parse5@npm:^8.0.0":
  version: 8.0.3
  resolution: "hast-util-from-parse5@npm:8.0.3"
  dependencies:
    "@types/hast": "npm:^3.0.0"
    "@types/unist": "npm:^3.0.0"
    devlop: "npm:^1.0.0"
    hastscript: "npm:^9.0.0"
    property-information: "npm:^7.0.0"
    vfile: "npm:^6.0.0"
    vfile-location: "npm:^5.0.0"
    web-namespaces: "npm:^2.0.0"
  checksum: 10c0/40ace6c0ad43c26f721c7499fe408e639cde917b2350c9299635e6326559855896dae3c3ebf7440df54766b96c4276a7823e8f376a2b6a28b37b591f03412545
  languageName: node
  linkType: hard

"hast-util-parse-selector@npm:^4.0.0":
  version: 4.0.0
  resolution: "hast-util-parse-selector@npm:4.0.0"
  dependencies:
    "@types/hast": "npm:^3.0.0"
  checksum: 10c0/5e98168cb44470dc274aabf1a28317e4feb09b1eaf7a48bbaa8c1de1b43a89cd195cb1284e535698e658e3ec26ad91bc5e52c9563c36feb75abbc68aaf68fb9f
  languageName: node
  linkType: hard

"hastscript@npm:^9.0.0":
  version: 9.0.1
  resolution: "hastscript@npm:9.0.1"
  dependencies:
    "@types/hast": "npm:^3.0.0"
    comma-separated-tokens: "npm:^2.0.0"
    hast-util-parse-selector: "npm:^4.0.0"
    property-information: "npm:^7.0.0"
    space-separated-tokens: "npm:^2.0.0"
  checksum: 10c0/18dc8064e5c3a7a2ae862978e626b97a254e1c8a67ee9d0c9f06d373bba155ed805fc5b5ce21b990fb7bc174624889e5e1ce1cade264f1b1d58b48f994bc85ce
  languageName: node
  linkType: hard

"ignore@npm:^7.0.5":
  version: 7.0.5
  resolution: "ignore@npm:7.0.5"
  checksum: 10c0/ae00db89fe873064a093b8999fe4cc284b13ef2a178636211842cceb650b9c3e390d3339191acb145d81ed5379d2074840cf0c33a20bdbd6f32821f79eb4ad5d
  languageName: node
  linkType: hard

"is-alphabetical@npm:^2.0.0":
  version: 2.0.1
  resolution: "is-alphabetical@npm:2.0.1"
  checksum: 10c0/932367456f17237533fd1fc9fe179df77957271020b83ea31da50e5cc472d35ef6b5fb8147453274ffd251134472ce24eb6f8d8398d96dee98237cdb81a6c9a7
  languageName: node
  linkType: hard

"is-alphanumerical@npm:^2.0.0":
  version: 2.0.1
  resolution: "is-alphanumerical@npm:2.0.1"
  dependencies:
    is-alphabetical: "npm:^2.0.0"
    is-decimal: "npm:^2.0.0"
  checksum: 10c0/4b35c42b18e40d41378293f82a3ecd9de77049b476f748db5697c297f686e1e05b072a6aaae2d16f54d2a57f85b00cbbe755c75f6d583d1c77d6657bd0feb5a2
  languageName: node
  linkType: hard

"is-decimal@npm:^2.0.0":
  version: 2.0.1
  resolution: "is-decimal@npm:2.0.1"
  checksum: 10c0/8085dd66f7d82f9de818fba48b9e9c0429cb4291824e6c5f2622e96b9680b54a07a624cfc663b24148b8e853c62a1c987cfe8b0b5a13f5156991afaf6736e334
  languageName: node
  linkType: hard

"is-extglob@npm:^2.1.1":
  version: 2.1.1
  resolution: "is-extglob@npm:2.1.1"
  checksum: 10c0/5487da35691fbc339700bbb2730430b07777a3c21b9ebaecb3072512dfd7b4ba78ac2381a87e8d78d20ea08affb3f1971b4af629173a6bf435ff8a4c47747912
  languageName: node
  linkType: hard

"is-glob@npm:^4.0.1":
  version: 4.0.3
  resolution: "is-glob@npm:4.0.3"
  dependencies:
    is-extglob: "npm:^2.1.1"
  checksum: 10c0/17fb4014e22be3bbecea9b2e3a76e9e34ff645466be702f1693e8f1ee1adac84710d0be0bd9f967d6354036fd51ab7c2741d954d6e91dae6bb69714de92c197a
  languageName: node
  linkType: hard

"is-hexadecimal@npm:^2.0.0":
  version: 2.0.1
  resolution: "is-hexadecimal@npm:2.0.1"
  checksum: 10c0/3eb60fe2f1e2bbc760b927dcad4d51eaa0c60138cf7fc671803f66353ad90c301605b502c7ea4c6bb0548e1c7e79dfd37b73b632652e3b76030bba603a7e9626
  languageName: node
  linkType: hard

"is-number@npm:^7.0.0":
  version: 7.0.0
  resolution: "is-number@npm:7.0.0"
  checksum: 10c0/b4686d0d3053146095ccd45346461bc8e53b80aeb7671cc52a4de02dbbf7dc0d1d2a986e2fe4ae206984b4d34ef37e8b795ebc4f4295c978373e6575e295d811
  languageName: node
  linkType: hard

"is-path-inside@npm:^4.0.0":
  version: 4.0.0
  resolution: "is-path-inside@npm:4.0.0"
  checksum: 10c0/51188d7e2b1d907a9a5f7c18d99a90b60870b951ed87cf97595d9aaa429d4c010652c3350bcbf31182e7f4b0eab9a1860b43e16729b13cb1a44baaa6cdb64c46
  languageName: node
  linkType: hard

"js-yaml@npm:4.1.1":
  version: 4.1.1
  resolution: "js-yaml@npm:4.1.1"
  dependencies:
    argparse: "npm:^2.0.1"
  bin:
    js-yaml: bin/js-yaml.js
  checksum: 10c0/561c7d7088c40a9bb53cc75becbfb1df6ae49b34b5e6e5a81744b14ae8667ec564ad2527709d1a6e7d5e5fa6d483aa0f373a50ad98d42fde368ec4a190d4fae7
  languageName: node
  linkType: hard

"json-schema-traverse@npm:^1.0.0":
  version: 1.0.0
  resolution: "json-schema-traverse@npm:1.0.0"
  checksum: 10c0/71e30015d7f3d6dc1c316d6298047c8ef98a06d31ad064919976583eb61e1018a60a0067338f0f79cabc00d84af3fcc489bd48ce8a46ea165d9541ba17fb30c6
  languageName: node
  linkType: hard

"jsonc-parser@npm:3.3.1":
  version: 3.3.1
  resolution: "jsonc-parser@npm:3.3.1"
  checksum: 10c0/269c3ae0a0e4f907a914bf334306c384aabb9929bd8c99f909275ebd5c2d3bc70b9bcd119ad794f339dec9f24b6a4ee9cd5a8ab2e6435e730ad4075388fc2ab6
  languageName: node
  linkType: hard

"jsonpointer@npm:5.0.1":
  version: 5.0.1
  resolution: "jsonpointer@npm:5.0.1"
  checksum: 10c0/89929e58b400fcb96928c0504fcf4fc3f919d81e9543ceb055df125538470ee25290bb4984251e172e6ef8fcc55761eb998c118da763a82051ad89d4cb073fe7
  languageName: node
  linkType: hard

"katex@npm:^0.16.0":
  version: 0.16.41
  resolution: "katex@npm:0.16.41"
  dependencies:
    commander: "npm:^8.3.0"
  bin:
    katex: cli.js
  checksum: 10c0/339361d784916d91b78f1162bf68a608528130f6899a498bdd67eef6d9c21813cebea9177e40eb087858bc26ddb179437ace05f8e5da5f8011e4164ea6a984a7
  languageName: node
  linkType: hard

"linkify-it@npm:^5.0.0":
  version: 5.0.2
  resolution: "linkify-it@npm:5.0.2"
  dependencies:
    uc.micro: "npm:^2.0.0"
  checksum: 10c0/dd70b1735a13d41a2cff0a058ac3771166038f23f6aff004dd53873cf985c64b107902fe0b544a5b3d1ff6e63249cf9c648fb3ae9f285481db48f56887adb0d6
  languageName: node
  linkType: hard

"markdown-it@npm:14.1.1, markdown-it@npm:^14.1.0":
  version: 14.1.1
  resolution: "markdown-it@npm:14.1.1"
  dependencies:
    argparse: "npm:^2.0.1"
    entities: "npm:^4.4.0"
    linkify-it: "npm:^5.0.0"
    mdurl: "npm:^2.0.0"
    punycode.js: "npm:^2.3.1"
    uc.micro: "npm:^2.1.0"
  bin:
    markdown-it: bin/markdown-it.mjs
  checksum: 10c0/c67f2a4c8069a307c78d8c15104bbcb15a2c6b17f4c904364ca218ec2eccf76a397eba1ea05f5ac5de72c4b67fcf115d422d22df0bfb86a09b663f55b9478d4f
  languageName: node
  linkType: hard

"markdownlint-cli2-formatter-default@npm:0.0.6":
  version: 0.0.6
  resolution: "markdownlint-cli2-formatter-default@npm:0.0.6"
  peerDependencies:
    markdownlint-cli2: ">=0.0.4"
  checksum: 10c0/58aeec03bd3624e1db7ac456d84a19cb155956e4d74ca6d13c9405c555ef9e6347308599a2c245cfbdf8f3b09b0bcc52f21bde5e9af4231655a051d9ddefabd9
  languageName: node
  linkType: hard

"markdownlint-cli2@npm:^0.22.0":
  version: 0.22.0
  resolution: "markdownlint-cli2@npm:0.22.0"
  dependencies:
    globby: "npm:16.1.1"
    js-yaml: "npm:4.1.1"
    jsonc-parser: "npm:3.3.1"
    jsonpointer: "npm:5.0.1"
    markdown-it: "npm:14.1.1"
    markdownlint: "npm:0.40.0"
    markdownlint-cli2-formatter-default: "npm:0.0.6"
    micromatch: "npm:4.0.8"
    smol-toml: "npm:1.6.0"
  bin:
    markdownlint-cli2: markdownlint-cli2-bin.mjs
  checksum: 10c0/b3c6ab67d01ad5c0827217d8b0f0b37f3d298b2c1a4aacf17b2d80ce70e5806990af445a4240d7cd0980dbdf65a4eb54239fe4201a52cff69334fd3d07301ecc
  languageName: node
  linkType: hard

"markdownlint@npm:0.40.0":
  version: 0.40.0
  resolution: "markdownlint@npm:0.40.0"
  dependencies:
    micromark: "npm:4.0.2"
    micromark-core-commonmark: "npm:2.0.3"
    micromark-extension-directive: "npm:4.0.0"
    micromark-extension-gfm-autolink-literal: "npm:2.1.0"
    micromark-extension-gfm-footnote: "npm:2.1.0"
    micromark-extension-gfm-table: "npm:2.1.1"
    micromark-extension-math: "npm:3.1.0"
    micromark-util-types: "npm:2.0.2"
    string-width: "npm:8.1.0"
  checksum: 10c0/1543fcf4a433bc54e0e565cb1c8111e5e3d0df3742df0cc840d470bced21a1e3b5593e4e380ad0d8d5e490d9b399699d48aeabed33719f3fbdc6d00128138f20
  languageName: node
  linkType: hard

"mdast-util-from-markdown@npm:^2.0.2":
  version: 2.0.3
  resolution: "mdast-util-from-markdown@npm:2.0.3"
  dependencies:
    "@types/mdast": "npm:^4.0.0"
    "@types/unist": "npm:^3.0.0"
    decode-named-character-reference: "npm:^1.0.0"
    devlop: "npm:^1.0.0"
    mdast-util-to-string: "npm:^4.0.0"
    micromark: "npm:^4.0.0"
    micromark-util-decode-numeric-character-reference: "npm:^2.0.0"
    micromark-util-decode-string: "npm:^2.0.0"
    micromark-util-normalize-identifier: "npm:^2.0.0"
    micromark-util-symbol: "npm:^2.0.0"
    micromark-util-types: "npm:^2.0.0"
    unist-util-stringify-position: "npm:^4.0.0"
  checksum: 10c0/d3eac9ac2b88e3b41fb85aa81c7bfd1f4f8a2fde497ad805e66fea7b2abfe486ffd94d2a20f9fd2951dcdebe4916f3bdcf851319891dd62d343e26c2f02583ba
  languageName: node
  linkType: hard

"mdast-util-to-string@npm:^4.0.0":
  version: 4.0.0
  resolution: "mdast-util-to-string@npm:4.0.0"
  dependencies:
    "@types/mdast": "npm:^4.0.0"
  checksum: 10c0/2d3c1af29bf3fe9c20f552ee9685af308002488f3b04b12fa66652c9718f66f41a32f8362aa2d770c3ff464c034860b41715902ada2306bb0a055146cef064d7
  languageName: node
  linkType: hard

"mdurl@npm:^2.0.0":
  version: 2.0.0
  resolution: "mdurl@npm:2.0.0"
  checksum: 10c0/633db522272f75ce4788440669137c77540d74a83e9015666a9557a152c02e245b192edc20bc90ae953bbab727503994a53b236b4d9c99bdaee594d0e7dd2ce0
  languageName: node
  linkType: hard

"merge2@npm:^1.3.0":
  version: 1.4.1
  resolution: "merge2@npm:1.4.1"
  checksum: 10c0/254a8a4605b58f450308fc474c82ac9a094848081bf4c06778200207820e5193726dc563a0d2c16468810516a5c97d9d3ea0ca6585d23c58ccfff2403e8dbbeb
  languageName: node
  linkType: hard

"micromark-core-commonmark@npm:2.0.3, micromark-core-commonmark@npm:^2.0.0":
  version: 2.0.3
  resolution: "micromark-core-commonmark@npm:2.0.3"
  dependencies:
    decode-named-character-reference: "npm:^1.0.0"
    devlop: "npm:^1.0.0"
    micromark-factory-destination: "npm:^2.0.0"
    micromark-factory-label: "npm:^2.0.0"
    micromark-factory-space: "npm:^2.0.0"
    micromark-factory-title: "npm:^2.0.0"
    micromark-factory-whitespace: "npm:^2.0.0"
    micromark-util-character: "npm:^2.0.0"
    micromark-util-chunked: "npm:^2.0.0"
    micromark-util-classify-character: "npm:^2.0.0"
    micromark-util-html-tag-name: "npm:^2.0.0"
    micromark-util-normalize-identifier: "npm:^2.0.0"
    micromark-util-resolve-all: "npm:^2.0.0"
    micromark-util-subtokenize: "npm:^2.0.0"
    micromark-util-symbol: "npm:^2.0.0"
    micromark-util-types: "npm:^2.0.0"
  checksum: 10c0/bd4a794fdc9e88dbdf59eaf1c507ddf26e5f7ddf4e52566c72239c0f1b66adbcd219ba2cd42350debbe24471434d5f5e50099d2b3f4e5762ca222ba8e5b549ee
  languageName: node
  linkType: hard

"micromark-extension-directive@npm:4.0.0":
  version: 4.0.0
  resolution: "micromark-extension-directive@npm:4.0.0"
  dependencies:
    devlop: "npm:^1.0.0"
    micromark-factory-space: "npm:^2.0.0"
    micromark-factory-whitespace: "npm:^2.0.0"
    micromark-util-character: "npm:^2.0.0"
    micromark-util-symbol: "npm:^2.0.0"
    micromark-util-types: "npm:^2.0.0"
    parse-entities: "npm:^4.0.0"
  checksum: 10c0/b4aef0f44339543466ae186130a4514985837b6b12d0c155bd1162e740f631e58f0883a39d0c723206fa0ff53a9b579965c79116f902236f6f123c3340b5fefb
  languageName: node
  linkType: hard

"micromark-extension-gfm-autolink-literal@npm:2.1.0":
  version: 2.1.0
  resolution: "micromark-extension-gfm-autolink-literal@npm:2.1.0"
  dependencies:
    micromark-util-character: "npm:^2.0.0"
    micromark-util-sanitize-uri: "npm:^2.0.0"
    micromark-util-symbol: "npm:^2.0.0"
    micromark-util-types: "npm:^2.0.0"
  checksum: 10c0/84e6fbb84ea7c161dfa179665dc90d51116de4c28f3e958260c0423e5a745372b7dcbc87d3cde98213b532e6812f847eef5ae561c9397d7f7da1e59872ef3efe
  languageName: node
  linkType: hard

"micromark-extension-gfm-footnote@npm:2.1.0":
  version: 2.1.0
  resolution: "micromark-extension-gfm-footnote@npm:2.1.0"
  dependencies:
    devlop: "npm:^1.0.0"
    micromark-core-commonmark: "npm:^2.0.0"
    micromark-factory-space: "npm:^2.0.0"
    micromark-util-character: "npm:^2.0.0"
    micromark-util-normalize-identifier: "npm:^2.0.0"
    micromark-util-sanitize-uri: "npm:^2.0.0"
    micromark-util-symbol: "npm:^2.0.0"
    micromark-util-types: "npm:^2.0.0"
  checksum: 10c0/d172e4218968b7371b9321af5cde8c77423f73b233b2b0fcf3ff6fd6f61d2e0d52c49123a9b7910612478bf1f0d5e88c75a3990dd68f70f3933fe812b9f77edc
  languageName: node
  linkType: hard

"micromark-extension-gfm-table@npm:2.1.1":
  version: 2.1.1
  resolution: "micromark-extension-gfm-table@npm:2.1.1"
  dependencies:
    devlop: "npm:^1.0.0"
    micromark-factory-space: "npm:^2.0.0"
    micromark-util-character: "npm:^2.0.0"
    micromark-util-symbol: "npm:^2.0.0"
    micromark-util-types: "npm:^2.0.0"
  checksum: 10c0/04bc00e19b435fa0add62cd029d8b7eb6137522f77832186b1d5ef34544a9bd030c9cf85e92ddfcc5c31f6f0a58a43d4b96dba4fc21316037c734630ee12c912
  languageName: node
  linkType: hard

"micromark-extension-math@npm:3.1.0":
  version: 3.1.0
  resolution: "micromark-extension-math@npm:3.1.0"
  dependencies:
    "@types/katex": "npm:^0.16.0"
    devlop: "npm:^1.0.0"
    katex: "npm:^0.16.0"
    micromark-factory-space: "npm:^2.0.0"
    micromark-util-character: "npm:^2.0.0"
    micromark-util-symbol: "npm:^2.0.0"
    micromark-util-types: "npm:^2.0.0"
  checksum: 10c0/56e6f2185a4613f9d47e7e98cf8605851c990957d9229c942b005e286c8087b61dc9149448d38b2f8be6d42cc6a64aad7e1f2778ddd86fbbb1a2f48a3ca1872f
  languageName: node
  linkType: hard

"micromark-factory-destination@npm:^2.0.0":
  version: 2.0.1
  resolution: "micromark-factory-destination@npm:2.0.1"
  dependencies:
    micromark-util-character: "npm:^2.0.0"
    micromark-util-symbol: "npm:^2.0.0"
    micromark-util-types: "npm:^2.0.0"
  checksum: 10c0/bbafcf869cee5bf511161354cb87d61c142592fbecea051000ff116068dc85216e6d48519d147890b9ea5d7e2864a6341c0c09d9948c203bff624a80a476023c
  languageName: node
  linkType: hard

"micromark-factory-label@npm:^2.0.0":
  version: 2.0.1
  resolution: "micromark-factory-label@npm:2.0.1"
  dependencies:
    devlop: "npm:^1.0.0"
    micromark-util-character: "npm:^2.0.0"
    micromark-util-symbol: "npm:^2.0.0"
    micromark-util-types: "npm:^2.0.0"
  checksum: 10c0/0137716b4ecb428114165505e94a2f18855c8bbea21b07a8b5ce514b32a595ed789d2b967125718fc44c4197ceaa48f6609d58807a68e778138d2e6b91b824e8
  languageName: node
  linkType: hard

"micromark-factory-space@npm:^2.0.0":
  version: 2.0.1
  resolution: "micromark-factory-space@npm:2.0.1"
  dependencies:
    micromark-util-character: "npm:^2.0.0"
    micromark-util-types: "npm:^2.0.0"
  checksum: 10c0/f9ed43f1c0652d8d898de0ac2be3f77f776fffe7dd96bdbba1e02d7ce33d3853c6ff5daa52568fc4fa32cdf3a62d86b85ead9b9189f7211e1d69ff2163c450fb
  languageName: node
  linkType: hard

"micromark-factory-title@npm:^2.0.0":
  version: 2.0.1
  resolution: "micromark-factory-title@npm:2.0.1"
  dependencies:
    micromark-factory-space: "npm:^2.0.0"
    micromark-util-character: "npm:^2.0.0"
    micromark-util-symbol: "npm:^2.0.0"
    micromark-util-types: "npm:^2.0.0"
  checksum: 10c0/e72fad8d6e88823514916890099a5af20b6a9178ccf78e7e5e05f4de99bb8797acb756257d7a3a57a53854cb0086bf8aab15b1a9e9db8982500dd2c9ff5948b6
  languageName: node
  linkType: hard

"micromark-factory-whitespace@npm:^2.0.0":
  version: 2.0.1
  resolution: "micromark-factory-whitespace@npm:2.0.1"
  dependencies:
    micromark-factory-space: "npm:^2.0.0"
    micromark-util-character: "npm:^2.0.0"
    micromark-util-symbol: "npm:^2.0.0"
    micromark-util-types: "npm:^2.0.0"
  checksum: 10c0/20a1ec58698f24b766510a309b23a10175034fcf1551eaa9da3adcbed3e00cd53d1ebe5f030cf873f76a1cec3c34eb8c50cc227be3344caa9ed25d56cf611224
  languageName: node
  linkType: hard

"micromark-util-character@npm:^2.0.0":
  version: 2.1.1
  resolution: "micromark-util-character@npm:2.1.1"
  dependencies:
    micromark-util-symbol: "npm:^2.0.0"
    micromark-util-types: "npm:^2.0.0"
  checksum: 10c0/d3fe7a5e2c4060fc2a076f9ce699c82a2e87190a3946e1e5eea77f563869b504961f5668d9c9c014724db28ac32fa909070ea8b30c3a39bd0483cc6c04cc76a1
  languageName: node
  linkType: hard

"micromark-util-chunked@npm:^2.0.0":
  version: 2.0.1
  resolution: "micromark-util-chunked@npm:2.0.1"
  dependencies:
    micromark-util-symbol: "npm:^2.0.0"
  checksum: 10c0/b68c0c16fe8106949537bdcfe1be9cf36c0ccd3bc54c4007003cb0984c3750b6cdd0fd77d03f269a3382b85b0de58bde4f6eedbe7ecdf7244759112289b1ab56
  languageName: node
  linkType: hard

"micromark-util-classify-character@npm:^2.0.0":
  version: 2.0.1
  resolution: "micromark-util-classify-character@npm:2.0.1"
  dependencies:
    micromark-util-character: "npm:^2.0.0"
    micromark-util-symbol: "npm:^2.0.0"
    micromark-util-types: "npm:^2.0.0"
  checksum: 10c0/8a02e59304005c475c332f581697e92e8c585bcd45d5d225a66c1c1b14ab5a8062705188c2ccec33cc998d33502514121478b2091feddbc751887fc9c290ed08
  languageName: node
  linkType: hard

"micromark-util-combine-extensions@npm:^2.0.0":
  version: 2.0.1
  resolution: "micromark-util-combine-extensions@npm:2.0.1"
  dependencies:
    micromark-util-chunked: "npm:^2.0.0"
    micromark-util-types: "npm:^2.0.0"
  checksum: 10c0/f15e282af24c8372cbb10b9b0b3e2c0aa681fea0ca323a44d6bc537dc1d9382c819c3689f14eaa000118f5a163245358ce6276b2cda9a84439cdb221f5d86ae7
  languageName: node
  linkType: hard

"micromark-util-decode-numeric-character-reference@npm:^2.0.0":
  version: 2.0.2
  resolution: "micromark-util-decode-numeric-character-reference@npm:2.0.2"
  dependencies:
    micromark-util-symbol: "npm:^2.0.0"
  checksum: 10c0/9c8a9f2c790e5593ffe513901c3a110e9ec8882a08f466da014112a25e5059b51551ca0aeb7ff494657d86eceb2f02ee556c6558b8d66aadc61eae4a240da0df
  languageName: node
  linkType: hard

"micromark-util-decode-string@npm:^2.0.0":
  version: 2.0.1
  resolution: "micromark-util-decode-string@npm:2.0.1"
  dependencies:
    decode-named-character-reference: "npm:^1.0.0"
    micromark-util-character: "npm:^2.0.0"
    micromark-util-decode-numeric-character-reference: "npm:^2.0.0"
    micromark-util-symbol: "npm:^2.0.0"
  checksum: 10c0/f24d75b2e5310be6e7b6dee532e0d17d3bf46996841d6295f2a9c87a2046fff4ab603c52ab9d7a7a6430a8b787b1574ae895849c603d262d1b22eef71736b5cb
  languageName: node
  linkType: hard

"micromark-util-encode@npm:^2.0.0":
  version: 2.0.1
  resolution: "micromark-util-encode@npm:2.0.1"
  checksum: 10c0/b2b29f901093845da8a1bf997ea8b7f5e061ffdba85070dfe14b0197c48fda64ffcf82bfe53c90cf9dc185e69eef8c5d41cae3ba918b96bc279326921b59008a
  languageName: node
  linkType: hard

"micromark-util-html-tag-name@npm:^2.0.0":
  version: 2.0.1
  resolution: "micromark-util-html-tag-name@npm:2.0.1"
  checksum: 10c0/ae80444db786fde908e9295f19a27a4aa304171852c77414516418650097b8afb401961c9edb09d677b06e97e8370cfa65638dde8438ebd41d60c0a8678b85b9
  languageName: node
  linkType: hard

"micromark-util-normalize-identifier@npm:^2.0.0":
  version: 2.0.1
  resolution: "micromark-util-normalize-identifier@npm:2.0.1"
  dependencies:
    micromark-util-symbol: "npm:^2.0.0"
  checksum: 10c0/5299265fa360769fc499a89f40142f10a9d4a5c3dd8e6eac8a8ef3c2e4a6570e4c009cf75ea46dce5ee31c01f25587bde2f4a5cc0a935584ae86dd857f2babbd
  languageName: node
  linkType: hard

"micromark-util-resolve-all@npm:^2.0.0":
  version: 2.0.1
  resolution: "micromark-util-resolve-all@npm:2.0.1"
  dependencies:
    micromark-util-types: "npm:^2.0.0"
  checksum: 10c0/bb6ca28764696bb479dc44a2d5b5fe003e7177aeae1d6b0d43f24cc223bab90234092d9c3ce4a4d2b8df095ccfd820537b10eb96bb7044d635f385d65a4c984a
  languageName: node
  linkType: hard

"micromark-util-sanitize-uri@npm:^2.0.0":
  version: 2.0.1
  resolution: "micromark-util-sanitize-uri@npm:2.0.1"
  dependencies:
    micromark-util-character: "npm:^2.0.0"
    micromark-util-encode: "npm:^2.0.0"
    micromark-util-symbol: "npm:^2.0.0"
  checksum: 10c0/60e92166e1870fd4f1961468c2651013ff760617342918e0e0c3c4e872433aa2e60c1e5a672bfe5d89dc98f742d6b33897585cf86ae002cda23e905a3c02527c
  languageName: node
  linkType: hard

"micromark-util-subtokenize@npm:^2.0.0":
  version: 2.1.0
  resolution: "micromark-util-subtokenize@npm:2.1.0"
  dependencies:
    devlop: "npm:^1.0.0"
    micromark-util-chunked: "npm:^2.0.0"
    micromark-util-symbol: "npm:^2.0.0"
    micromark-util-types: "npm:^2.0.0"
  checksum: 10c0/bee69eece4393308e657c293ba80d92ebcb637e5f55e21dcf9c3fa732b91a8eda8ac248d76ff375e675175bfadeae4712e5158ef97eef1111789da1ce7ab5067
  languageName: node
  linkType: hard

"micromark-util-symbol@npm:^2.0.0":
  version: 2.0.1
  resolution: "micromark-util-symbol@npm:2.0.1"
  checksum: 10c0/f2d1b207771e573232436618e78c5e46cd4b5c560dd4a6d63863d58018abbf49cb96ec69f7007471e51434c60de3c9268ef2bf46852f26ff4aacd10f9da16fe9
  languageName: node
  linkType: hard

"micromark-util-types@npm:2.0.2, micromark-util-types@npm:^2.0.0":
  version: 2.0.2
  resolution: "micromark-util-types@npm:2.0.2"
  checksum: 10c0/c8c15b96c858db781c4393f55feec10004bf7df95487636c9a9f7209e51002a5cca6a047c5d2a5dc669ff92da20e57aaa881e81a268d9ccadb647f9dce305298
  languageName: node
  linkType: hard

"micromark@npm:4.0.2, micromark@npm:^4.0.0":
  version: 4.0.2
  resolution: "micromark@npm:4.0.2"
  dependencies:
    "@types/debug": "npm:^4.0.0"
    debug: "npm:^4.0.0"
    decode-named-character-reference: "npm:^1.0.0"
    devlop: "npm:^1.0.0"
    micromark-core-commonmark: "npm:^2.0.0"
    micromark-factory-space: "npm:^2.0.0"
    micromark-util-character: "npm:^2.0.0"
    micromark-util-chunked: "npm:^2.0.0"
    micromark-util-combine-extensions: "npm:^2.0.0"
    micromark-util-decode-numeric-character-reference: "npm:^2.0.0"
    micromark-util-encode: "npm:^2.0.0"
    micromark-util-normalize-identifier: "npm:^2.0.0"
    micromark-util-resolve-all: "npm:^2.0.0"
    micromark-util-sanitize-uri: "npm:^2.0.0"
    micromark-util-subtokenize: "npm:^2.0.0"
    micromark-util-symbol: "npm:^2.0.0"
    micromark-util-types: "npm:^2.0.0"
  checksum: 10c0/07462287254219d6eda6eac8a3cebaff2994e0575499e7088027b825105e096e4f51e466b14b2a81b71933a3b6c48ee069049d87bc2c2127eee50d9cc69e8af6
  languageName: node
  linkType: hard

"micromatch@npm:4.0.8, micromatch@npm:^4.0.8":
  version: 4.0.8
  resolution: "micromatch@npm:4.0.8"
  dependencies:
    braces: "npm:^3.0.3"
    picomatch: "npm:^2.3.1"
  checksum: 10c0/166fa6eb926b9553f32ef81f5f531d27b4ce7da60e5baf8c021d043b27a388fb95e46a8038d5045877881e673f8134122b59624d5cecbd16eb50a42e7a6b5ca8
  languageName: node
  linkType: hard

"ms@npm:^2.1.3":
  version: 2.1.3
  resolution: "ms@npm:2.1.3"
  checksum: 10c0/d924b57e7312b3b63ad21fc5b3dc0af5e78d61a1fc7cfb5457edaf26326bf62be5307cc87ffb6862ef1c2b33b0233cdb5d4f01c4c958cc0d660948b65a287a48
  languageName: node
  linkType: hard

"parse-entities@npm:^4.0.0":
  version: 4.0.2
  resolution: "parse-entities@npm:4.0.2"
  dependencies:
    "@types/unist": "npm:^2.0.0"
    character-entities-legacy: "npm:^3.0.0"
    character-reference-invalid: "npm:^2.0.0"
    decode-named-character-reference: "npm:^1.0.0"
    is-alphanumerical: "npm:^2.0.0"
    is-decimal: "npm:^2.0.0"
    is-hexadecimal: "npm:^2.0.0"
  checksum: 10c0/a13906b1151750b78ed83d386294066daf5fb559e08c5af9591b2d98cc209123103016a01df776f65f8219ad26652d6d6b210d0974d452049cddfc53a8916c34
  languageName: node
  linkType: hard

"parse5@npm:^7.0.0":
  version: 7.3.0
  resolution: "parse5@npm:7.3.0"
  dependencies:
    entities: "npm:^6.0.0"
  checksum: 10c0/7fd2e4e247e85241d6f2a464d0085eed599a26d7b0a5233790c49f53473232eb85350e8133344d9b3fd58b89339e7ad7270fe1f89d28abe50674ec97b87f80b5
  languageName: node
  linkType: hard

"picomatch@npm:^2.3.1":
  version: 2.3.2
  resolution: "picomatch@npm:2.3.2"
  checksum: 10c0/a554d1709e59be97d1acb9eaedbbc700a5c03dbd4579807baed95100b00420bc729335440ef15004ae2378984e2487a7c1cebd743cfdb72b6fa9ab69223c0d61
  languageName: node
  linkType: hard

"property-information@npm:^7.0.0":
  version: 7.1.0
  resolution: "property-information@npm:7.1.0"
  checksum: 10c0/e0fe22cff26103260ad0e82959229106563fa115a54c4d6c183f49d88054e489cc9f23452d3ad584179dc13a8b7b37411a5df873746b5e4086c865874bfa968e
  languageName: node
  linkType: hard

"punycode.js@npm:^2.3.1":
  version: 2.3.1
  resolution: "punycode.js@npm:2.3.1"
  checksum: 10c0/1d12c1c0e06127fa5db56bd7fdf698daf9a78104456a6b67326877afc21feaa821257b171539caedd2f0524027fa38e67b13dd094159c8d70b6d26d2bea4dfdb
  languageName: node
  linkType: hard

"queue-microtask@npm:^1.2.2":
  version: 1.2.3
  resolution: "queue-microtask@npm:1.2.3"
  checksum: 10c0/900a93d3cdae3acd7d16f642c29a642aea32c2026446151f0778c62ac089d4b8e6c986811076e1ae180a694cedf077d453a11b58ff0a865629a4f82ab558e102
  languageName: node
  linkType: hard

"require-from-string@npm:^2.0.2":
  version: 2.0.2
  resolution: "require-from-string@npm:2.0.2"
  checksum: 10c0/aaa267e0c5b022fc5fd4eef49d8285086b15f2a1c54b28240fdf03599cbd9c26049fee3eab894f2e1f6ca65e513b030a7c264201e3f005601e80c49fb2937ce2
  languageName: node
  linkType: hard

"reusify@npm:^1.0.4":
  version: 1.1.0
  resolution: "reusify@npm:1.1.0"
  checksum: 10c0/4eff0d4a5f9383566c7d7ec437b671cc51b25963bd61bf127c3f3d3f68e44a026d99b8d2f1ad344afff8d278a8fe70a8ea092650a716d22287e8bef7126bb2fa
  languageName: node
  linkType: hard

"run-parallel@npm:^1.1.9":
  version: 1.2.0
  resolution: "run-parallel@npm:1.2.0"
  dependencies:
    queue-microtask: "npm:^1.2.2"
  checksum: 10c0/200b5ab25b5b8b7113f9901bfe3afc347e19bb7475b267d55ad0eb86a62a46d77510cb0f232507c9e5d497ebda569a08a9867d0d14f57a82ad5564d991588b39
  languageName: node
  linkType: hard

"slash@npm:^5.1.0":
  version: 5.1.0
  resolution: "slash@npm:5.1.0"
  checksum: 10c0/eb48b815caf0bdc390d0519d41b9e0556a14380f6799c72ba35caf03544d501d18befdeeef074bc9c052acf69654bc9e0d79d7f1de0866284137a40805299eb3
  languageName: node
  linkType: hard

"smol-toml@npm:1.6.0":
  version: 1.6.0
  resolution: "smol-toml@npm:1.6.0"
  checksum: 10c0/baf33bb6cd914d481329e31998a12829cd126541458ba400791212c80f1245d5b27dac04a56a52c02b287d2a494f1628c05fc19643286b258b2e0bb9fe67747c
  languageName: node
  linkType: hard

"space-separated-tokens@npm:^2.0.0":
  version: 2.0.2
  resolution: "space-separated-tokens@npm:2.0.2"
  checksum: 10c0/6173e1d903dca41dcab6a2deed8b4caf61bd13b6d7af8374713500570aa929ff9414ae09a0519f4f8772df993300305a395d4871f35bc4ca72b6db57e1f30af8
  languageName: node
  linkType: hard

"string-width@npm:8.1.0":
  version: 8.1.0
  resolution: "string-width@npm:8.1.0"
  dependencies:
    get-east-asian-width: "npm:^1.3.0"
    strip-ansi: "npm:^7.1.0"
  checksum: 10c0/749b5d0dab2532b4b6b801064230f4da850f57b3891287023117ab63a464ad79dd208f42f793458f48f3ad121fe2e1f01dd525ff27ead957ed9f205e27406593
  languageName: node
  linkType: hard

"strip-ansi@npm:^7.1.0":
  version: 7.2.0
  resolution: "strip-ansi@npm:7.2.0"
  dependencies:
    ansi-regex: "npm:^6.2.2"
  checksum: 10c0/544d13b7582f8254811ea97db202f519e189e59d35740c46095897e254e4f1aa9fe1524a83ad6bc5ad67d4dd6c0281d2e0219ed62b880a6238a16a17d375f221
  languageName: node
  linkType: hard

"to-regex-range@npm:^5.0.1":
  version: 5.0.1
  resolution: "to-regex-range@npm:5.0.1"
  dependencies:
    is-number: "npm:^7.0.0"
  checksum: 10c0/487988b0a19c654ff3e1961b87f471702e708fa8a8dd02a298ef16da7206692e8552a0250e8b3e8759270f62e9d8314616f6da274734d3b558b1fc7b7724e892
  languageName: node
  linkType: hard

"uc.micro@npm:^2.0.0, uc.micro@npm:^2.1.0":
  version: 2.1.0
  resolution: "uc.micro@npm:2.1.0"
  checksum: 10c0/8862eddb412dda76f15db8ad1c640ccc2f47cdf8252a4a30be908d535602c8d33f9855dfcccb8b8837855c1ce1eaa563f7fa7ebe3c98fd0794351aab9b9c55fa
  languageName: node
  linkType: hard

"unicorn-magic@npm:^0.4.0":
  version: 0.4.0
  resolution: "unicorn-magic@npm:0.4.0"
  checksum: 10c0/cd6eff90967a5528dfa2016bdb5b38b0cd64c8558f9ba04fb5c2c23f3a232a67dfe2bfa4c45af3685d5f1a40dbac6a36d48e053f80f97ae4da1e0f6a55431685
  languageName: node
  linkType: hard

"unist-util-is@npm:^6.0.0":
  version: 6.0.1
  resolution: "unist-util-is@npm:6.0.1"
  dependencies:
    "@types/unist": "npm:^3.0.0"
  checksum: 10c0/5a487d390193811d37a68264e204dbc7c15c40b8fc29b5515a535d921d071134f571d7b5cbd59bcd58d5ce1c0ab08f20fc4a1f0df2287a249c979267fc32ce06
  languageName: node
  linkType: hard

"unist-util-stringify-position@npm:^4.0.0":
  version: 4.0.0
  resolution: "unist-util-stringify-position@npm:4.0.0"
  dependencies:
    "@types/unist": "npm:^3.0.0"
  checksum: 10c0/dfe1dbe79ba31f589108cb35e523f14029b6675d741a79dea7e5f3d098785045d556d5650ec6a8338af11e9e78d2a30df12b1ee86529cded1098da3f17ee999e
  languageName: node
  linkType: hard

"unist-util-visit-parents@npm:^6.0.0":
  version: 6.0.2
  resolution: "unist-util-visit-parents@npm:6.0.2"
  dependencies:
    "@types/unist": "npm:^3.0.0"
    unist-util-is: "npm:^6.0.0"
  checksum: 10c0/f1e4019dbd930301825895e3737b1ee0cd682f7622ddd915062135cbb39f8c090aaece3a3b5eae1f2ea52ec33f0931abb8f8a8b5c48a511a4203e3d360a8cd49
  languageName: node
  linkType: hard

"unist-util-visit@npm:^5.0.0":
  version: 5.1.0
  resolution: "unist-util-visit@npm:5.1.0"
  dependencies:
    "@types/unist": "npm:^3.0.0"
    unist-util-is: "npm:^6.0.0"
    unist-util-visit-parents: "npm:^6.0.0"
  checksum: 10c0/a56e1bbbf63fcb55abe379e660b9a3367787e8be1e2473bdb7e86cfa6f32b6c1fa0092432d7040b8a30b2fc674bbbe024ffe6d03c3d6bf4839b064f584463a4e
  languageName: node
  linkType: hard

"vfile-location@npm:^5.0.0":
  version: 5.0.3
  resolution: "vfile-location@npm:5.0.3"
  dependencies:
    "@types/unist": "npm:^3.0.0"
    vfile: "npm:^6.0.0"
  checksum: 10c0/1711f67802a5bc175ea69750d59863343ed43d1b1bb25c0a9063e4c70595e673e53e2ed5cdbb6dcdc370059b31605144d95e8c061b9361bcc2b036b8f63a4966
  languageName: node
  linkType: hard

"vfile-message@npm:^4.0.0":
  version: 4.0.3
  resolution: "vfile-message@npm:4.0.3"
  dependencies:
    "@types/unist": "npm:^3.0.0"
    unist-util-stringify-position: "npm:^4.0.0"
  checksum: 10c0/33d9f219610d27987689bb14fa5573d2daa146941d1a05416dd7702c4215b23f44ed81d059e70d0e4e24f9a57d5f4dc9f18d35a993f04cf9446a7abe6d72d0c0
  languageName: node
  linkType: hard

"vfile@npm:^6.0.0":
  version: 6.0.3
  resolution: "vfile@npm:6.0.3"
  dependencies:
    "@types/unist": "npm:^3.0.0"
    vfile-message: "npm:^4.0.0"
  checksum: 10c0/e5d9eb4810623f23758cfc2205323e33552fb5972e5c2e6587babe08fe4d24859866277404fb9e2a20afb71013860d96ec806cb257536ae463c87d70022ab9ef
  languageName: node
  linkType: hard

"vscode-jsonrpc@npm:8.1.0":
  version: 8.1.0
  resolution: "vscode-jsonrpc@npm:8.1.0"
  checksum: 10c0/cb797b892227e7997378c6a1563b9849b6ec8190daae6fd18909fff4b33f6a98690bb315b95a3e4eeb9bf373d11896028c2111d71101544dfa16cb18a53cfcaa
  languageName: node
  linkType: hard

"vscode-languageserver-protocol@npm:3.17.3":
  version: 3.17.3
  resolution: "vscode-languageserver-protocol@npm:3.17.3"
  dependencies:
    vscode-jsonrpc: "npm:8.1.0"
    vscode-languageserver-types: "npm:3.17.3"
  checksum: 10c0/c8448cab8c8e3df386825f129a2f06a748510ad3407cb3d2122c6b661e973c32bb2f2612d64ea80e8c0344001adc80ee2f4c8bbce4fa81dd3eef888309457578
  languageName: node
  linkType: hard

"vscode-languageserver-textdocument@npm:^1.0.5, vscode-languageserver-textdocument@npm:^1.0.8":
  version: 1.0.12
  resolution: "vscode-languageserver-textdocument@npm:1.0.12"
  checksum: 10c0/534349894b059602c4d97615a1147b6c4c031141c2093e59657f54e38570f5989c21b376836f13b9375419869242e9efb4066643208b21ab1e1dee111a0f00fb
  languageName: node
  linkType: hard

"vscode-languageserver-types@npm:3.17.3":
  version: 3.17.3
  resolution: "vscode-languageserver-types@npm:3.17.3"
  checksum: 10c0/a70d4ac0dbc08ba425b97e329e6a5696dabc6a264415bacb861e10d859b224f1b46d1fb41c17b6fdd31b32749d3bdfc819cb1b8a57dbe0d1e70e661ba8cfa397
  languageName: node
  linkType: hard

"vscode-languageserver-types@npm:^3.17.1":
  version: 3.17.5
  resolution: "vscode-languageserver-types@npm:3.17.5"
  checksum: 10c0/1e1260de79a2cc8de3e46f2e0182cdc94a7eddab487db5a3bd4ee716f67728e685852707d72c059721ce500447be9a46764a04f0611e94e4321ffa088eef36f8
  languageName: node
  linkType: hard

"vscode-languageserver@npm:^8.1.0":
  version: 8.1.0
  resolution: "vscode-languageserver@npm:8.1.0"
  dependencies:
    vscode-languageserver-protocol: "npm:3.17.3"
  bin:
    installServerIntoExtension: bin/installServerIntoExtension
  checksum: 10c0/1c05a491bbb4fb5266b3cc7d0be3b267aea2ff0c8aece2d8fb35e0a1b86ccc9aee252d08becec97d292fd3e1cc099cf350d720fb6c1a19f64fd1ac360f6248ae
  languageName: node
  linkType: hard

"vscode-uri@npm:^3.0.3, vscode-uri@npm:^3.0.8":
  version: 3.1.0
  resolution: "vscode-uri@npm:3.1.0"
  checksum: 10c0/5f6c9c10fd9b1664d71fab4e9fbbae6be93c7f75bb3a1d9d74399a88ab8649e99691223fd7cef4644376cac6e94fa2c086d802521b9a8e31c5af3e60f0f35624
  languageName: node
  linkType: hard

"web-namespaces@npm:^2.0.0":
  version: 2.0.1
  resolution: "web-namespaces@npm:2.0.1"
  checksum: 10c0/df245f466ad83bd5cd80bfffc1674c7f64b7b84d1de0e4d2c0934fb0782e0a599164e7197a4bce310ee3342fd61817b8047ff04f076a1ce12dd470584142a4bd
  languageName: node
  linkType: hard

"yaml@npm:^2.4.5":
  version: 2.8.3
  resolution: "yaml@npm:2.8.3"
  bin:
    yaml: bin.mjs
  checksum: 10c0/ddff0e11c1b467728d7eb4633db61c5f5de3d8e9373cf84d08fb0cdee03e1f58f02b9f1c51a4a8a865751695addbd465a77f73f1079be91fe5493b29c305fd77
  languageName: node
  linkType: hard
